
Microsoft Visual Studio Solution File, Format Version 12.00
# Visual Studio Version 16
VisualStudioVersion = 16.0.31205.134
MinimumVisualStudioVersion = 10.0.40219.1
Project("{9A19103F-16F7-4668-BE54-9A1E7A4F7556}") = "BinLikeClassSelector", "BinLikeClassSelector.csproj", "{19D4E638-73E0-4EDF-BA38-9AB6491060A3}"
EndProject
Project("{FAE04EC0-301F-11D3-BF4B-00C04F79EFBC}") = "DisposibleSemaphoreSlim", "DisposibleSemaphoreSlim\DisposibleSemaphoreSlim.csproj", "{9C569E3C-1BA2-43C3-9E94-F27645CE29BD}"
EndProject
Project("{FAE04EC0-301F-11D3-BF4B-00C04F79EFBC}") = "GlobalSemaphoreAttribute", "GlobalSemaphoreAttribute\GlobalSemaphoreAttribute.csproj", "{AD7FD110-A321-49C7-960A-D12183DAEF20}"
EndProject
Project("{FAE04EC0-301F-11D3-BF4B-00C04F79EFBC}") = "InvokeReflection", "InvokeReflection\InvokeReflection.csproj", "{2BD083BB-FE1F-4E02-A12E-1AF8D6A06F9C}"
EndProject
Project("{FAE04EC0-301F-11D3-BF4B-00C04F79EFBC}") = "WinFormVarData", "WinFormVarData\WinFormVarData.csproj", "{CC45B5D3-9C89-49E7-BF54-8E1C0622DDED}"
EndProject
Global
	GlobalSection(SolutionConfigurationPlatforms) = preSolution
		Debug|Any CPU = Debug|Any CPU
		Release|Any CPU = Release|Any CPU
	EndGlobalSection
	GlobalSection(ProjectConfigurationPlatforms) = postSolution
		{19D4E638-73E0-4EDF-BA38-9AB6491060A3}.Debug|Any CPU.ActiveCfg = Debug|Any CPU
		{19D4E638-73E0-4EDF-BA38-9AB6491060A3}.Debug|Any CPU.Build.0 = Debug|Any CPU
		{19D4E638-73E0-4EDF-BA38-9AB6491060A3}.Release|Any CPU.ActiveCfg = Release|Any CPU
		{19D4E638-73E0-4EDF-BA38-9AB6491060A3}.Release|Any CPU.Build.0 = Release|Any CPU
		{9C569E3C-1BA2-43C3-9E94-F27645CE29BD}.Debug|Any CPU.ActiveCfg = Debug|Any CPU
		{9C569E3C-1BA2-43C3-9E94-F27645CE29BD}.Debug|Any CPU.Build.0 = Debug|Any CPU
		{9C569E3C-1BA2-43C3-9E94-F27645CE29BD}.Release|Any CPU.ActiveCfg = Release|Any CPU
		{9C569E3C-1BA2-43C3-9E94-F27645CE29BD}.Release|Any CPU.Build.0 = Release|Any CPU
		{AD7FD110-A321-49C7-960A-D12183DAEF20}.Debug|Any CPU.ActiveCfg = Debug|Any CPU
		{AD7FD110-A321-49C7-960A-D12183DAEF20}.Debug|Any CPU.Build.0 = Debug|Any CPU
		{AD7FD110-A321-49C7-960A-D12183DAEF20}.Release|Any CPU.ActiveCfg = Release|Any CPU
		{AD7FD110-A321-49C7-960A-D12183DAEF20}.Release|Any CPU.Build.0 = Release|Any CPU
		{2BD083BB-FE1F-4E02-A12E-1AF8D6A06F9C}.Debug|Any CPU.ActiveCfg = Debug|Any CPU
		{2BD083BB-FE1F-4E02-A12E-1AF8D6A06F9C}.Debug|Any CPU.Build.0 = Debug|Any CPU
		{2BD083BB-FE1F-4E02-A12E-1AF8D6A06F9C}.Release|Any CPU.ActiveCfg = Release|Any CPU
		{2BD083BB-FE1F-4E02-A12E-1AF8D6A06F9C}.Release|Any CPU.Build.0 = Release|Any CPU
		{CC45B5D3-9C89-49E7-BF54-8E1C0622DDED}.Debug|Any CPU.ActiveCfg = Debug|Any CPU
		{CC45B5D3-9C89-49E7-BF54-8E1C0622DDED}.Debug|Any CPU.Build.0 = Debug|Any CPU
		{CC45B5D3-9C89-49E7-BF54-8E1C0622DDED}.Release|Any CPU.ActiveCfg = Release|Any CPU
		{CC45B5D3-9C89-49E7-BF54-8E1C0622DDED}.Release|Any CPU.Build.0 = Release|Any CPU
	EndGlobalSection
	GlobalSection(SolutionProperties) = preSolution
		HideSolutionNode = FALSE
	EndGlobalSection
	GlobalSection(ExtensibilityGlobals) = postSolution
		SolutionGuid = {E0724F24-52F8-4BA3-AC6D-89D279105BC9}
	EndGlobalSection
EndGlobal
